
Microsoft Visual Studio Solution File, Format Version 12.00
# Visual Studio Version 16
VisualStudioVersion = 16.0.30011.22
MinimumVisualStudioVersion = 10.0.40219.1
Project("{FAE04EC0-301F-11D3-BF4B-00C04F79EFBC}") = "DiscordBot", "DiscordBot\DiscordBot.csproj", "{E63A8E06-2E11-4E97-B940-4CA6F3536B34}"
EndProject
Global
	GlobalSection(SolutionConfigurationPlatforms) = preSolution
		Debug|Any CPU = Debug|Any CPU
		Release|Any CPU = Release|Any CPU
	EndGlobalSection
	GlobalSection(ProjectConfigurationPlatforms) = postSolution
		{E63A8E06-2E11-4E97-B940-4CA6F3536B34}.Debug|Any CPU.ActiveCfg = Debug|Any CPU
		{E63A8E06-2E11-4E97-B940-4CA6F3536B34}.Debug|Any CPU.Build.0 = Debug|Any CPU
		{E63A8E06-2E11-4E97-B940-4CA6F3536B34}.Release|Any CPU.ActiveCfg = Release|Any CPU
		{E63A8E06-2E11-4E97-B940-4CA6F3536B34}.Release|Any CPU.Build.0 = Release|Any CPU
	EndGlobalSection
	GlobalSection(SolutionProperties) = preSolution
		HideSolutionNode = FALSE
	EndGlobalSection
	GlobalSection(ExtensibilityGlobals) = postSolution
		SolutionGuid = {F095AB0A-B4FF-47DF-9905-4AD05E8BC7D7}
	EndGlobalSection
EndGlobal
